
Microsoft Visual Studio Solution File, Format Version 12.00
# Visual Studio Version 17
VisualStudioVersion = 17.5.001.0
MinimumVisualStudioVersion = 10.0.40219.1
Project("{9A19103F-16F7-4668-BE54-9A1E7A4F7556}") = "crud-cqrs-pattern", "crud-cqrs-pattern.csproj", "{A425ECB0-0175-4E2C-BFE4-B0B0466E4FD0}"
EndProject
Global
	GlobalSection(SolutionConfigurationPlatforms) = preSolution
		Debug|Any CPU = Debug|Any CPU
		Release|Any CPU = Release|Any CPU
	EndGlobalSection
	GlobalSection(ProjectConfigurationPlatforms) = postSolution
		{A425ECB0-0175-4E2C-BFE4-B0B0466E4FD0}.Debug|Any CPU.ActiveCfg = Debug|Any CPU
		{A425ECB0-0175-4E2C-BFE4-B0B0466E4FD0}.Debug|Any CPU.Build.0 = Debug|Any CPU
		{A425ECB0-0175-4E2C-BFE4-B0B0466E4FD0}.Release|Any CPU.ActiveCfg = Release|Any CPU
		{A425ECB0-0175-4E2C-BFE4-B0B0466E4FD0}.Release|Any CPU.Build.0 = Release|Any CPU
	EndGlobalSection
	GlobalSection(SolutionProperties) = preSolution
		HideSolutionNode = FALSE
	EndGlobalSection
	GlobalSection(ExtensibilityGlobals) = postSolution
		SolutionGuid = {460649C7-5DC5-452A-A959-97B34E33E2E7}
	EndGlobalSection
EndGlobal
